
Microsoft Visual Studio Solution File, Format Version 12.00
# Visual Studio Version 17
VisualStudioVersion = 17.0.31710.8
MinimumVisualStudioVersion = 10.0.40219.1
Project("{FAE04EC0-301F-11D3-BF4B-00C04F79EFBC}") = "FirstWinForm", "FirstWinForm\FirstWinForm.csproj", "{C678FCF1-D30A-4DEB-AAA7-14C76A83C1FC}"
EndProject
Global
	GlobalSection(SolutionConfigurationPlatforms) = preSolution
		Debug|Any CPU = Debug|Any CPU
		Release|Any CPU = Release|Any CPU
	EndGlobalSection
	GlobalSection(ProjectConfigurationPlatforms) = postSolution
		{C678FCF1-D30A-4DEB-AAA7-14C76A83C1FC}.Debug|Any CPU.ActiveCfg = Debug|Any CPU
		{C678FCF1-D30A-4DEB-AAA7-14C76A83C1FC}.Debug|Any CPU.Build.0 = Debug|Any CPU
		{C678FCF1-D30A-4DEB-AAA7-14C76A83C1FC}.Release|Any CPU.ActiveCfg = Release|Any CPU
		{C678FCF1-D30A-4DEB-AAA7-14C76A83C1FC}.Release|Any CPU.Build.0 = Release|Any CPU
	EndGlobalSection
	GlobalSection(SolutionProperties) = preSolution
		HideSolutionNode = FALSE
	EndGlobalSection
	GlobalSection(ExtensibilityGlobals) = postSolution
		SolutionGuid = {0CFED7D4-CA58-4443-8202-162D938F448F}
	EndGlobalSection
EndGlobal
